// !$*UTF8*$!
{
	archiveVersion = 1;
	classes = {
	};
	objectVersion = 46;
	objects = {

/* Begin PBXBuildFile section */
		4C8B75DB1E694B600099EB30 /* AppDelegate.swift in Sources */ = {isa = PBXBuildFile; fileRef = 4C8B75DA1E694B600099EB30 /* AppDelegate.swift */; };
		4C8B75DD1E694B600099EB30 /* ViewController.swift in Sources */ = {isa = PBXBuildFile; fileRef = 4C8B75DC1E694B600099EB30 /* ViewController.swift */; };
		4C8B75E01E694B600099EB30 /* Main.storyboard in Resources */ = {isa = PBXBuildFile; fileRef = 4C8B75DE1E694B600099EB30 /* Main.storyboard */; };
		4C8B75E21E694B600099EB30 /* Assets.xcassets in Resources */ = {isa = PBXBuildFile; fileRef = 4C8B75E11E694B600099EB30 /* Assets.xcassets */; };
		4C8B75E51E694B600099EB30 /* LaunchScreen.storyboard in Resources */ = {isa = PBXBuildFile; fileRef = 4C8B75E31E694B600099EB30 /* LaunchScreen.storyboard */; };
		4C8B75ED1E69592E0099EB30 /* ACCollectionViewLayout.swift in Sources */ = {isa = PBXBuildFile; fileRef = 4C8B75EC1E69592E0099EB30 /* ACCollectionViewLayout.swift */; };
		4C9DFAA11E6E865100418016 /* ACImageCollectionViewCell.xib in Resources */ = {isa = PBXBuildFile; fileRef = 4C9DFAA01E6E865100418016 /* ACImageCollectionViewCell.xib */; };
		4C9DFAA51E6E873200418016 /* ACImageCollectionViewCell.swift in Sources */ = {isa = PBXBuildFile; fileRef = 4C9DFAA41E6E873200418016 /* ACImageCollectionViewCell.swift */; };
/* End PBXBuildFile section */

/* Begin PBXFileReference section */
		4C8B75D71E694B600099EB30 /* ACWaterfallLayout.app */ = {isa = PBXFileReference; explicitFileType = wrapper.application; includeInIndex = 0; path = ACWaterfallLayout.app; sourceTree = BUILT_PRODUCTS_DIR; };
		4C8B75DA1E694B600099EB30 /* AppDelegate.swift */ = {isa = PBXFileReference; lastKnownFileType = sourcecode.swift; path = AppDelegate.swift; sourceTree = "<group>"; };
		4C8B75DC1E694B600099EB30 /* ViewController.swift */ = {isa = PBXFileReference; lastKnownFileType = sourcecode.swift; path = ViewController.swift; sourceTree = "<group>"; };
		4C8B75DF1E694B600099EB30 /* Base */ = {isa = PBXFileReference; lastKnownFileType = file.storyboard; name = Base; path = Base.lproj/Main.storyboard; sourceTree = "<group>"; };
		4C8B75E11E694B600099EB30 /* Assets.xcassets */ = {isa = PBXFileReference; lastKnownFileType = folder.assetcatalog; path = Assets.xcassets; sourceTree = "<group>"; };
		4C8B75E41E694B600099EB30 /* Base */ = {isa = PBXFileReference; lastKnownFileType = file.storyboard; name = Base; path = Base.lproj/LaunchScreen.storyboard; sourceTree = "<group>"; };
		4C8B75E61E694B600099EB30 /* Info.plist */ = {isa = PBXFileReference; lastKnownFileType = text.plist.xml; path = Info.plist; sourceTree = "<group>"; };
		4C8B75EC1E69592E0099EB30 /* ACCollectionViewLayout.swift */ = {isa = PBXFileReference; fileEncoding = 4; lastKnownFileType = sourcecode.swift; path = ACCollectionViewLayout.swift; sourceTree = "<group>"; };
		4C9DFAA01E6E865100418016 /* ACImageCollectionViewCell.xib */ = {isa = PBXFileReference; fileEncoding = 4; lastKnownFileType = file.xib; path = ACImageCollectionViewCell.xib; sourceTree = "<group>"; };
		4C9DFAA41E6E873200418016 /* ACImageCollectionViewCell.swift */ = {isa = PBXFileReference; fileEncoding = 4; lastKnownFileType = sourcecode.swift; path = ACImageCollectionViewCell.swift; sourceTree = "<group>"; };
/* End PBXFileReference section */

/* Begin PBXFrameworksBuildPhase section */
		4C8B75D41E694B600099EB30 /* Frameworks */ = {
			isa = PBXFrameworksBuildPhase;
			buildActionMask = 2147483647;
			files = (
			);
			runOnlyForDeploymentPostprocessing = 0;
		};
/* End PBXFrameworksBuildPhase section */

/* Begin PBXGroup section */
		4C8B75CE1E694B600099EB30 = {
			isa = PBXGroup;
			children = (
				4C8B75D91E694B600099EB30 /* ACWaterfallLayout */,
				4C8B75D81E694B600099EB30 /* Products */,
			);
			sourceTree = "<group>";
		};
		4C8B75D81E694B600099EB30 /* Products */ = {
			isa = PBXGroup;
			children = (
				4C8B75D71E694B600099EB30 /* ACWaterfallLayout.app */,
			);
			name = Products;
			sourceTree = "<group>";
		};
		4C8B75D91E694B600099EB30 /* ACWaterfallLayout */ = {
			isa = PBXGroup;
			children = (
				4C8B75DA1E694B600099EB30 /* AppDelegate.swift */,
				4C8B75DC1E694B600099EB30 /* ViewController.swift */,
				4C9DFAA41E6E873200418016 /* ACImageCollectionViewCell.swift */,
				4C9DFAA01E6E865100418016 /* ACImageCollectionViewCell.xib */,
				4C8B75EC1E69592E0099EB30 /* ACCollectionViewLayout.swift */,
				4C8B75DE1E694B600099EB30 /* Main.storyboard */,
				4C8B75E11E694B600099EB30 /* Assets.xcassets */,
				4C8B75E31E694B600099EB30 /* LaunchScreen.storyboard */,
				4C8B75E61E694B600099EB30 /* Info.plist */,
			);
			path = ACWaterfallLayout;
			sourceTree = "<group>";
		};
/* End PBXGroup section */

/* Begin PBXNativeTarget section */
		4C8B75D61E694B600099EB30 /* ACWaterfallLayout */ = {
			isa = PBXNativeTarget;
			buildConfigurationList = 4C8B75E91E694B600099EB30 /* Build configuration list for PBXNativeTarget "ACWaterfallLayout" */;
			buildPhases = (
				4C8B75D31E694B600099EB30 /* Sources */,
				4C8B75D41E694B600099EB30 /* Frameworks */,
				4C8B75D51E694B600099EB30 /* Resources */,
			);
			buildRules = (
			);
			dependencies = (
			);
			name = ACWaterfallLayout;
			productName = ACWaterfallLayout;
			productReference = 4C8B75D71E694B600099EB30 /* ACWaterfallLayout.app */;
			productType = "com.apple.product-type.application";
		};
/* End PBXNativeTarget section */

/* Begin PBXProject section */
		4C8B75CF1E694B600099EB30 /* Project object */ = {
			isa = PBXProject;
			attributes = {
				LastSwiftUpdateCheck = 0820;
				LastUpgradeCheck = 0820;
				ORGANIZATIONNAME = acumen;
				TargetAttributes = {
					4C8B75D61E694B600099EB30 = {
						CreatedOnToolsVersion = 8.2.1;
						DevelopmentTeam = N364U2JVXK;
						ProvisioningStyle = Automatic;
					};
				};
			};
			buildConfigurationList = 4C8B75D21E694B600099EB30 /* Build configuration list for PBXProject "ACWaterfallLayout" */;
			compatibilityVersion = "Xcode 3.2";
			developmentRegion = English;
			hasScannedForEncodings = 0;
			knownRegions = (
				en,
				Base,
			);
			mainGroup = 4C8B75CE1E694B600099EB30;
			productRefGroup = 4C8B75D81E694B600099EB30 /* Products */;
			projectDirPath = "";
			projectRoot = "";
			targets = (
				4C8B75D61E694B600099EB30 /* ACWaterfallLayout */,
			);
		};
/* End PBXProject section */

/* Begin PBXResourcesBuildPhase section */
		4C8B75D51E694B600099EB30 /* Resources */ = {
			isa = PBXResourcesBuildPhase;
			buildActionMask = 2147483647;
			files = (
				4C9DFAA11E6E865100418016 /* ACImageCollectionViewCell.xib in Resources */,
				4C8B75E51E694B600099EB30 /* LaunchScreen.storyboard in Resources */,
				4C8B75E21E694B600099EB30 /* Assets.xcassets in Resources */,
				4C8B75E01E694B600099EB30 /* Main.storyboard in Resources */,
			);
			runOnlyForDeploymentPostprocessing = 0;
		};
/* End PBXResourcesBuildPhase section */

/* Begin PBXSourcesBuildPhase section */
		4C8B75D31E694B600099EB30 /* Sources */ = {
			isa = PBXSourcesBuildPhase;
			buildActionMask = 2147483647;
			files = (
				4C9DFAA51E6E873200418016 /* ACImageCollectionViewCell.swift in Sources */,
				4C8B75ED1E69592E0099EB30 /* ACCollectionViewLayout.swift in Sources */,
				4C8B75DD1E694B600099EB30 /* ViewController.swift in Sources */,
				4C8B75DB1E694B600099EB30 /* AppDelegate.swift in Sources */,
			);
			runOnlyForDeploymentPostprocessing = 0;
		};
/* End PBXSourcesBuildPhase section */

/* Begin PBXVariantGroup section */
		4C8B75DE1E694B600099EB30 /* Main.storyboard */ = {
			isa = PBXVariantGroup;
			children = (
				4C8B75DF1E694B600099EB30 /* Base */,
			);
			name = Main.storyboard;
			sourceTree = "<group>";
		};
		4C8B75E31E694B600099EB30 /* LaunchScreen.storyboard */ = {
			isa = PBXVariantGroup;
			children = (
				4C8B75E41E694B600099EB30 /* Base */,
			);
			name = LaunchScreen.storyboard;
			sourceTree = "<group>";
		};
/* End PBXVariantGroup section */

/* Begin XCBuildConfiguration section */
		4C8B75E71E694B600099EB30 /* Debug */ = {
			isa = XCBuildConfiguration;
			buildSettings = {
				ALWAYS_SEARCH_USER_PATHS = NO;
				CLANG_ANALYZER_NONNULL = YES;
				CLANG_CXX_LANGUAGE_STANDARD = "gnu++0x";
				CLANG_CXX_LIBRARY = "libc++";
				CLANG_ENABLE_MODULES = YES;
				CLANG_ENABLE_OBJC_ARC = YES;
				CLANG_WARN_BOOL_CONVERSION = YES;
				CLANG_WARN_CONSTANT_CONVERSION = YES;
				CLANG_WARN_DIRECT_OBJC_ISA_USAGE = YES_ERROR;
				CLANG_WARN_DOCUMENTATION_COMMENTS = YES;
				CLANG_WARN_EMPTY_BODY = YES;
				CLANG_WARN_ENUM_CONVERSION = YES;
				CLANG_WARN_INFINITE_RECURSION = YES;
				CLANG_WARN_INT_CONVERSION = YES;
				CLANG_WARN_OBJC_ROOT_CLASS = YES_ERROR;
				CLANG_WARN_SUSPICIOUS_MOVE = YES;
				CLANG_WARN_UNREACHABLE_CODE = YES;
				CLANG_WARN__DUPLICATE_METHOD_MATCH = YES;
				"CODE_SIGN_IDENTITY[sdk=iphoneos*]" = "iPhone Developer";
				COPY_PHASE_STRIP = NO;
				DEBUG_INFORMATION_FORMAT = dwarf;
				ENABLE_STRICT_OBJC_MSGSEND = YES;
				ENABLE_TESTABILITY = YES;
				GCC_C_LANGUAGE_STANDARD = gnu99;
				GCC_DYNAMIC_NO_PIC = NO;
				GCC_NO_COMMON_BLOCKS = YES;
				GCC_OPTIMIZATION_LEVEL = 0;
				GCC_PREPROCESSOR_DEFINITIONS = (
					"DEBUG=1",
					"$(inherited)",
				);
				GCC_WARN_64_TO_32_BIT_CONVERSION = YES;
				GCC_WARN_ABOUT_RETURN_TYPE = YES_ERROR;
				GCC_WARN_UNDECLARED_SELECTOR = YES;
				GCC_WARN_UNINITIALIZED_AUTOS = YES_AGGRESSIVE;
				GCC_WARN_UNUSED_FUNCTION = YES;
				GCC_WARN_UNUSED_VARIABLE = YES;
				IPHONEOS_DEPLOYMENT_TARGET = 10.2;
				MTL_ENABLE_DEBUG_INFO = YES;
				ONLY_ACTIVE_ARCH = YES;
				SDKROOT = iphoneos;
				SWIFT_ACTIVE_COMPILATION_CONDITIONS = DEBUG;
				SWIFT_OPTIMIZATION_LEVEL = "-Onone";
				TARGETED_DEVICE_FAMILY = "1,2";
			};
			name = Debug;
		};
		4C8B75E81E694B600099EB30 /* Release */ = {
			isa = XCBuildConfiguration;
			buildSettings = {
				ALWAYS_SEARCH_USER_PATHS = NO;
				CLANG_ANALYZER_NONNULL = YES;
				CLANG_CXX_LANGUAGE_STANDARD = "gnu++0x";
				CLANG_CXX_LIBRARY = "libc++";
				CLANG_ENABLE_MODULES = YES;
				CLANG_ENABLE_OBJC_ARC = YES;
				CLANG_WARN_BOOL_CONVERSION = YES;
				CLANG_WARN_CONSTANT_CONVERSION = YES;
				CLANG_WARN_DIRECT_OBJC_ISA_USAGE = YES_ERROR;
				CLANG_WARN_DOCUMENTATION_COMMENTS = YES;
				CLANG_WARN_EMPTY_BODY = YES;
				CLANG_WARN_ENUM_CONVERSION = YES;
				CLANG_WARN_INFINITE_RECURSION = YES;
				CLANG_WARN_INT_CONVERSION = YES;
				CLANG_WARN_OBJC_ROOT_CLASS = YES_ERROR;
				CLANG_WARN_SUSPICIOUS_MOVE = YES;
				CLANG_WARN_UNREACHABLE_CODE = YES;
				CLANG_WARN__DUPLICATE_METHOD_MATCH = YES;
				"CODE_SIGN_IDENTITY[sdk=iphoneos*]" = "iPhone Developer";
				COPY_PHASE_STRIP = NO;
				DEBUG_INFORMATION_FORMAT = "dwarf-with-dsym";
				ENABLE_NS_ASSERTIONS = NO;
				ENABLE_STRICT_OBJC_MSGSEND = YES;
				GCC_C_LANGUAGE_STANDARD = gnu99;
				GCC_NO_COMMON_BLOCKS = YES;
				GCC_WARN_64_TO_32_BIT_CONVERSION = YES;
				GCC_WARN_ABOUT_RETURN_TYPE = YES_ERROR;
				GCC_WARN_UNDECLARED_SELECTOR = YES;
				GCC_WARN_UNINITIALIZED_AUTOS = YES_AGGRESSIVE;
				GCC_WARN_UNUSED_FUNCTION = YES;
				GCC_WARN_UNUSED_VARIABLE = YES;
				IPHONEOS_DEPLOYMENT_TARGET = 10.2;
				MTL_ENABLE_DEBUG_INFO = NO;
				SDKROOT = iphoneos;
				SWIFT_OPTIMIZATION_LEVEL = "-Owholemodule";
				TARGETED_DEVICE_FAMILY = "1,2";
				VALIDATE_PRODUCT = YES;
			};
			name = Release;
		};
		4C8B75EA1E694B600099EB30 /* Debug */ = {
			isa = XCBuildConfiguration;
			buildSettings = {
				ASSETCATALOG_COMPILER_APPICON_NAME = AppIcon;
				DEVELOPMENT_TEAM = N364U2JVXK;
				INFOPLIST_FILE = ACWaterfallLayout/Info.plist;
				LD_RUNPATH_SEARCH_PATHS = "$(inherited) @executable_path/Frameworks";
				PRODUCT_BUNDLE_IDENTIFIER = acumen.ACWaterfallLayout;
				PRODUCT_NAME = "$(TARGET_NAME)";
				SWIFT_VERSION = 3.0;
			};
			name = Debug;
		};
		4C8B75EB1E694B600099EB30 /* Release */ = {
			isa = XCBuildConfiguration;
			buildSettings = {
				ASSETCATALOG_COMPILER_APPICON_NAME = AppIcon;
				DEVELOPMENT_TEAM = N364U2JVXK;
				INFOPLIST_FILE = ACWaterfallLayout/Info.plist;
				LD_RUNPATH_SEARCH_PATHS = "$(inherited) @executable_path/Frameworks";
				PRODUCT_BUNDLE_IDENTIFIER = acumen.ACWaterfallLayout;
				PRODUCT_NAME = "$(TARGET_NAME)";
				SWIFT_VERSION = 3.0;
			};
			name = Release;
		};
/* End XCBuildConfiguration section */

/* Begin XCConfigurationList section */
		4C8B75D21E694B600099EB30 /* Build configuration list for PBXProject "ACWaterfallLayout" */ = {
			isa = XCConfigurationList;
			buildConfigurations = (
				4C8B75E71E694B600099EB30 /* Debug */,
				4C8B75E81E694B600099EB30 /* Release */,
			);
			defaultConfigurationIsVisible = 0;
			defaultConfigurationName = Release;
		};
		4C8B75E91E694B600099EB30 /* Build configuration list for PBXNativeTarget "ACWaterfallLayout" */ = {
			isa = XCConfigurationList;
			buildConfigurations = (
				4C8B75EA1E694B600099EB30 /* Debug */,
				4C8B75EB1E694B600099EB30 /* Release */,
			);
			defaultConfigurationIsVisible = 0;
			defaultConfigurationName = Release;
		};
/* End XCConfigurationList section */
	};
	rootObject = 4C8B75CF1E694B600099EB30 /* Project object */;
}
